// !$*UTF8*$!
{
	archiveVersion = 1;
	classes = {
	};
	objectVersion = 56;
	objects = {

/* Begin PBXBuildFile section */
		B6414A262BC4517700A5CC58 /* CollectionView.swift in Sources */ = {isa = PBXBuildFile; fileRef = B6414A252BC4517600A5CC58 /* CollectionView.swift */; };
		B6414A282BC455DF00A5CC58 /* CartView.swift in Sources */ = {isa = PBXBuildFile; fileRef = B6414A272BC455DF00A5CC58 /* CartView.swift */; };
		B669554E2BEDE29D00C643EA /* CartManager.swift in Sources */ = {isa = PBXBuildFile; fileRef = B669554D2BEDE29D00C643EA /* CartManager.swift */; };
		B6FC767D2BBB25B40037DB2D /* andadorAppApp.swift in Sources */ = {isa = PBXBuildFile; fileRef = B6FC767C2BBB25B40037DB2D /* andadorAppApp.swift */; };
		B6FC767F2BBB25B40037DB2D /* ContentView.swift in Sources */ = {isa = PBXBuildFile; fileRef = B6FC767E2BBB25B40037DB2D /* ContentView.swift */; };
		B6FC76812BBB25B60037DB2D /* Assets.xcassets in Resources */ = {isa = PBXBuildFile; fileRef = B6FC76802BBB25B60037DB2D /* Assets.xcassets */; };
		B6FC76842BBB25B60037DB2D /* Preview Assets.xcassets in Resources */ = {isa = PBXBuildFile; fileRef = B6FC76832BBB25B60037DB2D /* Preview Assets.xcassets */; };
		B6FC768E2BBB26A10037DB2D /* Home.swift in Sources */ = {isa = PBXBuildFile; fileRef = B6FC768D2BBB26A10037DB2D /* Home.swift */; };
		B6FC76912BBB293B0037DB2D /* CategoryModel.swift in Sources */ = {isa = PBXBuildFile; fileRef = B6FC76902BBB293B0037DB2D /* CategoryModel.swift */; };
		B6FC76932BC05EBD0037DB2D /* ProductModel.swift in Sources */ = {isa = PBXBuildFile; fileRef = B6FC76922BC05EBD0037DB2D /* ProductModel.swift */; };
/* End PBXBuildFile section */

/* Begin PBXFileReference section */
		B6414A252BC4517600A5CC58 /* CollectionView.swift */ = {isa = PBXFileReference; lastKnownFileType = sourcecode.swift; path = CollectionView.swift; sourceTree = "<group>"; };
		B6414A272BC455DF00A5CC58 /* CartView.swift */ = {isa = PBXFileReference; lastKnownFileType = sourcecode.swift; path = CartView.swift; sourceTree = "<group>"; };
		B669554D2BEDE29D00C643EA /* CartManager.swift */ = {isa = PBXFileReference; lastKnownFileType = sourcecode.swift; path = CartManager.swift; sourceTree = "<group>"; };
		B6FC76792BBB25B40037DB2D /* andadorApp.app */ = {isa = PBXFileReference; explicitFileType = wrapper.application; includeInIndex = 0; path = andadorApp.app; sourceTree = BUILT_PRODUCTS_DIR; };
		B6FC767C2BBB25B40037DB2D /* andadorAppApp.swift */ = {isa = PBXFileReference; lastKnownFileType = sourcecode.swift; path = andadorAppApp.swift; sourceTree = "<group>"; };
		B6FC767E2BBB25B40037DB2D /* ContentView.swift */ = {isa = PBXFileReference; lastKnownFileType = sourcecode.swift; path = ContentView.swift; sourceTree = "<group>"; };
		B6FC76802BBB25B60037DB2D /* Assets.xcassets */ = {isa = PBXFileReference; lastKnownFileType = folder.assetcatalog; path = Assets.xcassets; sourceTree = "<group>"; };
		B6FC76832BBB25B60037DB2D /* Preview Assets.xcassets */ = {isa = PBXFileReference; lastKnownFileType = folder.assetcatalog; path = "Preview Assets.xcassets"; sourceTree = "<group>"; };
		B6FC768D2BBB26A10037DB2D /* Home.swift */ = {isa = PBXFileReference; lastKnownFileType = sourcecode.swift; path = Home.swift; sourceTree = "<group>"; };
		B6FC76902BBB293B0037DB2D /* CategoryModel.swift */ = {isa = PBXFileReference; lastKnownFileType = sourcecode.swift; path = CategoryModel.swift; sourceTree = "<group>"; };
		B6FC76922BC05EBD0037DB2D /* ProductModel.swift */ = {isa = PBXFileReference; lastKnownFileType = sourcecode.swift; path = ProductModel.swift; sourceTree = "<group>"; };
/* End PBXFileReference section */

/* Begin PBXFrameworksBuildPhase section */
		B6FC76762BBB25B40037DB2D /* Frameworks */ = {
			isa = PBXFrameworksBuildPhase;
			buildActionMask = 2147483647;
			files = (
			);
			runOnlyForDeploymentPostprocessing = 0;
		};
/* End PBXFrameworksBuildPhase section */

/* Begin PBXGroup section */
		B6FC76702BBB25B40037DB2D = {
			isa = PBXGroup;
			children = (
				B6FC767B2BBB25B40037DB2D /* andadorApp */,
				B6FC767A2BBB25B40037DB2D /* Products */,
			);
			sourceTree = "<group>";
		};
		B6FC767A2BBB25B40037DB2D /* Products */ = {
			isa = PBXGroup;
			children = (
				B6FC76792BBB25B40037DB2D /* andadorApp.app */,
			);
			name = Products;
			sourceTree = "<group>";
		};
		B6FC767B2BBB25B40037DB2D /* andadorApp */ = {
			isa = PBXGroup;
			children = (
				B6FC767C2BBB25B40037DB2D /* andadorAppApp.swift */,
				B6FC767E2BBB25B40037DB2D /* ContentView.swift */,
				B669554D2BEDE29D00C643EA /* CartManager.swift */,
				B6FC768F2BBB290C0037DB2D /* Model */,
				B6FC768A2BBB25F90037DB2D /* View */,
				B6FC76802BBB25B60037DB2D /* Assets.xcassets */,
				B6FC76822BBB25B60037DB2D /* Preview Content */,
			);
			path = andadorApp;
			sourceTree = "<group>";
		};
		B6FC76822BBB25B60037DB2D /* Preview Content */ = {
			isa = PBXGroup;
			children = (
				B6FC76832BBB25B60037DB2D /* Preview Assets.xcassets */,
			);
			path = "Preview Content";
			sourceTree = "<group>";
		};
		B6FC768A2BBB25F90037DB2D /* View */ = {
			isa = PBXGroup;
			children = (
				B6FC768D2BBB26A10037DB2D /* Home.swift */,
				B6414A252BC4517600A5CC58 /* CollectionView.swift */,
				B6414A272BC455DF00A5CC58 /* CartView.swift */,
			);
			path = View;
			sourceTree = "<group>";
		};
		B6FC768F2BBB290C0037DB2D /* Model */ = {
			isa = PBXGroup;
			children = (
				B6FC76902BBB293B0037DB2D /* CategoryModel.swift */,
				B6FC76922BC05EBD0037DB2D /* ProductModel.swift */,
			);
			path = Model;
			sourceTree = "<group>";
		};
/* End PBXGroup section */

/* Begin PBXNativeTarget section */
		B6FC76782BBB25B40037DB2D /* andadorApp */ = {
			isa = PBXNativeTarget;
			buildConfigurationList = B6FC76872BBB25B60037DB2D /* Build configuration list for PBXNativeTarget "andadorApp" */;
			buildPhases = (
				B6FC76752BBB25B40037DB2D /* Sources */,
				B6FC76762BBB25B40037DB2D /* Frameworks */,
				B6FC76772BBB25B40037DB2D /* Resources */,
			);
			buildRules = (
			);
			dependencies = (
			);
			name = andadorApp;
			productName = andadorApp;
			productReference = B6FC76792BBB25B40037DB2D /* andadorApp.app */;
			productType = "com.apple.product-type.application";
		};
/* End PBXNativeTarget section */

/* Begin PBXProject section */
		B6FC76712BBB25B40037DB2D /* Project object */ = {
			isa = PBXProject;
			attributes = {
				BuildIndependentTargetsInParallel = 1;
				LastSwiftUpdateCheck = 1500;
				LastUpgradeCheck = 1500;
				TargetAttributes = {
					B6FC76782BBB25B40037DB2D = {
						CreatedOnToolsVersion = 15.0;
					};
				};
			};
			buildConfigurationList = B6FC76742BBB25B40037DB2D /* Build configuration list for PBXProject "andadorApp" */;
			compatibilityVersion = "Xcode 14.0";
			developmentRegion = en;
			hasScannedForEncodings = 0;
			knownRegions = (
				en,
				Base,
			);
			mainGroup = B6FC76702BBB25B40037DB2D;
			productRefGroup = B6FC767A2BBB25B40037DB2D /* Products */;
			projectDirPath = "";
			projectRoot = "";
			targets = (
				B6FC76782BBB25B40037DB2D /* andadorApp */,
			);
		};
/* End PBXProject section */

/* Begin PBXResourcesBuildPhase section */
		B6FC76772BBB25B40037DB2D /* Resources */ = {
			isa = PBXResourcesBuildPhase;
			buildActionMask = 2147483647;
			files = (
				B6FC76842BBB25B60037DB2D /* Preview Assets.xcassets in Resources */,
				B6FC76812BBB25B60037DB2D /* Assets.xcassets in Resources */,
			);
			runOnlyForDeploymentPostprocessing = 0;
		};
/* End PBXResourcesBuildPhase section */

/* Begin PBXSourcesBuildPhase section */
		B6FC76752BBB25B40037DB2D /* Sources */ = {
			isa = PBXSourcesBuildPhase;
			buildActionMask = 2147483647;
			files = (
				B6414A262BC4517700A5CC58 /* CollectionView.swift in Sources */,
				B669554E2BEDE29D00C643EA /* CartManager.swift in Sources */,
				B6414A282BC455DF00A5CC58 /* CartView.swift in Sources */,
				B6FC767F2BBB25B40037DB2D /* ContentView.swift in Sources */,
				B6FC76912BBB293B0037DB2D /* CategoryModel.swift in Sources */,
				B6FC768E2BBB26A10037DB2D /* Home.swift in Sources */,
				B6FC767D2BBB25B40037DB2D /* andadorAppApp.swift in Sources */,
				B6FC76932BC05EBD0037DB2D /* ProductModel.swift in Sources */,
			);
			runOnlyForDeploymentPostprocessing = 0;
		};
/* End PBXSourcesBuildPhase section */

/* Begin XCBuildConfiguration section */
		B6FC76852BBB25B60037DB2D /* Debug */ = {
			isa = XCBuildConfiguration;
			buildSettings = {
				ALWAYS_SEARCH_USER_PATHS = NO;
				ASSETCATALOG_COMPILER_GENERATE_SWIFT_ASSET_SYMBOL_EXTENSIONS = YES;
				CLANG_ANALYZER_NONNULL = YES;
				CLANG_ANALYZER_NUMBER_OBJECT_CONVERSION = YES_AGGRESSIVE;
				CLANG_CXX_LANGUAGE_STANDARD = "gnu++20";
				CLANG_ENABLE_MODULES = YES;
				CLANG_ENABLE_OBJC_ARC = YES;
				CLANG_ENABLE_OBJC_WEAK = YES;
				CLANG_WARN_BLOCK_CAPTURE_AUTORELEASING = YES;
				CLANG_WARN_BOOL_CONVERSION = YES;
				CLANG_WARN_COMMA = YES;
				CLANG_WARN_CONSTANT_CONVERSION = YES;
				CLANG_WARN_DEPRECATED_OBJC_IMPLEMENTATIONS = YES;
				CLANG_WARN_DIRECT_OBJC_ISA_USAGE = YES_ERROR;
				CLANG_WARN_DOCUMENTATION_COMMENTS = YES;
				CLANG_WARN_EMPTY_BODY = YES;
				CLANG_WARN_ENUM_CONVERSION = YES;
				CLANG_WARN_INFINITE_RECURSION = YES;
				CLANG_WARN_INT_CONVERSION = YES;
				CLANG_WARN_NON_LITERAL_NULL_CONVERSION = YES;
				CLANG_WARN_OBJC_IMPLICIT_RETAIN_SELF = YES;
				CLANG_WARN_OBJC_LITERAL_CONVERSION = YES;
				CLANG_WARN_OBJC_ROOT_CLASS = YES_ERROR;
				CLANG_WARN_QUOTED_INCLUDE_IN_FRAMEWORK_HEADER = YES;
				CLANG_WARN_RANGE_LOOP_ANALYSIS = YES;
				CLANG_WARN_STRICT_PROTOTYPES = YES;
				CLANG_WARN_SUSPICIOUS_MOVE = YES;
				CLANG_WARN_UNGUARDED_AVAILABILITY = YES_AGGRESSIVE;
				CLANG_WARN_UNREACHABLE_CODE = YES;
				CLANG_WARN__DUPLICATE_METHOD_MATCH = YES;
				COPY_PHASE_STRIP = NO;
				DEBUG_INFORMATION_FORMAT = dwarf;
				ENABLE_STRICT_OBJC_MSGSEND = YES;
				ENABLE_TESTABILITY = YES;
				ENABLE_USER_SCRIPT_SANDBOXING = YES;
				GCC_C_LANGUAGE_STANDARD = gnu17;
				GCC_DYNAMIC_NO_PIC = NO;
				GCC_NO_COMMON_BLOCKS = YES;
				GCC_OPTIMIZATION_LEVEL = 0;
				GCC_PREPROCESSOR_DEFINITIONS = (
					"DEBUG=1",
					"$(inherited)",
				);
				GCC_WARN_64_TO_32_BIT_CONVERSION = YES;
				GCC_WARN_ABOUT_RETURN_TYPE = YES_ERROR;
				GCC_WARN_UNDECLARED_SELECTOR = YES;
				GCC_WARN_UNINITIALIZED_AUTOS = YES_AGGRESSIVE;
				GCC_WARN_UNUSED_FUNCTION = YES;
				GCC_WARN_UNUSED_VARIABLE = YES;
				IPHONEOS_DEPLOYMENT_TARGET = 17.0;
				LOCALIZATION_PREFERS_STRING_CATALOGS = YES;
				MTL_ENABLE_DEBUG_INFO = INCLUDE_SOURCE;
				MTL_FAST_MATH = YES;
				ONLY_ACTIVE_ARCH = YES;
				SDKROOT = iphoneos;
				SWIFT_ACTIVE_COMPILATION_CONDITIONS = "DEBUG $(inherited)";
				SWIFT_OPTIMIZATION_LEVEL = "-Onone";
			};
			name = Debug;
		};
		B6FC76862BBB25B60037DB2D /* Release */ = {
			isa = XCBuildConfiguration;
			buildSettings = {
				ALWAYS_SEARCH_USER_PATHS = NO;
				ASSETCATALOG_COMPILER_GENERATE_SWIFT_ASSET_SYMBOL_EXTENSIONS = YES;
				CLANG_ANALYZER_NONNULL = YES;
				CLANG_ANALYZER_NUMBER_OBJECT_CONVERSION = YES_AGGRESSIVE;
				CLANG_CXX_LANGUAGE_STANDARD = "gnu++20";
				CLANG_ENABLE_MODULES = YES;
				CLANG_ENABLE_OBJC_ARC = YES;
				CLANG_ENABLE_OBJC_WEAK = YES;
				CLANG_WARN_BLOCK_CAPTURE_AUTORELEASING = YES;
				CLANG_WARN_BOOL_CONVERSION = YES;
				CLANG_WARN_COMMA = YES;
				CLANG_WARN_CONSTANT_CONVERSION = YES;
				CLANG_WARN_DEPRECATED_OBJC_IMPLEMENTATIONS = YES;
				CLANG_WARN_DIRECT_OBJC_ISA_USAGE = YES_ERROR;
				CLANG_WARN_DOCUMENTATION_COMMENTS = YES;
				CLANG_WARN_EMPTY_BODY = YES;
				CLANG_WARN_ENUM_CONVERSION = YES;
				CLANG_WARN_INFINITE_RECURSION = YES;
				CLANG_WARN_INT_CONVERSION = YES;
				CLANG_WARN_NON_LITERAL_NULL_CONVERSION = YES;
				CLANG_WARN_OBJC_IMPLICIT_RETAIN_SELF = YES;
				CLANG_WARN_OBJC_LITERAL_CONVERSION = YES;
				CLANG_WARN_OBJC_ROOT_CLASS = YES_ERROR;
				CLANG_WARN_QUOTED_INCLUDE_IN_FRAMEWORK_HEADER = YES;
				CLANG_WARN_RANGE_LOOP_ANALYSIS = YES;
				CLANG_WARN_STRICT_PROTOTYPES = YES;
				CLANG_WARN_SUSPICIOUS_MOVE = YES;
				CLANG_WARN_UNGUARDED_AVAILABILITY = YES_AGGRESSIVE;
				CLANG_WARN_UNREACHABLE_CODE = YES;
				CLANG_WARN__DUPLICATE_METHOD_MATCH = YES;
				COPY_PHASE_STRIP = NO;
				DEBUG_INFORMATION_FORMAT = "dwarf-with-dsym";
				ENABLE_NS_ASSERTIONS = NO;
				ENABLE_STRICT_OBJC_MSGSEND = YES;
				ENABLE_USER_SCRIPT_SANDBOXING = YES;
				GCC_C_LANGUAGE_STANDARD = gnu17;
				GCC_NO_COMMON_BLOCKS = YES;
				GCC_WARN_64_TO_32_BIT_CONVERSION = YES;
				GCC_WARN_ABOUT_RETURN_TYPE = YES_ERROR;
				GCC_WARN_UNDECLARED_SELECTOR = YES;
				GCC_WARN_UNINITIALIZED_AUTOS = YES_AGGRESSIVE;
				GCC_WARN_UNUSED_FUNCTION = YES;
				GCC_WARN_UNUSED_VARIABLE = YES;
				IPHONEOS_DEPLOYMENT_TARGET = 17.0;
				LOCALIZATION_PREFERS_STRING_CATALOGS = YES;
				MTL_ENABLE_DEBUG_INFO = NO;
				MTL_FAST_MATH = YES;
				SDKROOT = iphoneos;
				SWIFT_COMPILATION_MODE = wholemodule;
				VALIDATE_PRODUCT = YES;
			};
			name = Release;
		};
		B6FC76882BBB25B60037DB2D /* Debug */ = {
			isa = XCBuildConfiguration;
			buildSettings = {
				ASSETCATALOG_COMPILER_APPICON_NAME = AppIcon;
				ASSETCATALOG_COMPILER_GLOBAL_ACCENT_COLOR_NAME = AccentColor;
				CODE_SIGN_STYLE = Automatic;
				CURRENT_PROJECT_VERSION = 1;
				DEVELOPMENT_ASSET_PATHS = "\"andadorApp/Preview Content\"";
				DEVELOPMENT_TEAM = Z7QJD2L2XD;
				ENABLE_PREVIEWS = YES;
				GENERATE_INFOPLIST_FILE = YES;
				INFOPLIST_KEY_UIApplicationSceneManifest_Generation = YES;
				INFOPLIST_KEY_UIApplicationSupportsIndirectInputEvents = YES;
				INFOPLIST_KEY_UILaunchScreen_Generation = YES;
				INFOPLIST_KEY_UISupportedInterfaceOrientations_iPad = "UIInterfaceOrientationPortrait UIInterfaceOrientationPortraitUpsideDown UIInterfaceOrientationLandscapeLeft UIInterfaceOrientationLandscapeRight";
				INFOPLIST_KEY_UISupportedInterfaceOrientations_iPhone = "UIInterfaceOrientationPortrait UIInterfaceOrientationLandscapeLeft UIInterfaceOrientationLandscapeRight";
				LD_RUNPATH_SEARCH_PATHS = (
					"$(inherited)",
					"@executable_path/Frameworks",
				);
				MARKETING_VERSION = 1.0;
				PRODUCT_BUNDLE_IDENTIFIER = io.designcode.andadorApp;
				PRODUCT_NAME = "$(TARGET_NAME)";
				SWIFT_EMIT_LOC_STRINGS = YES;
				SWIFT_VERSION = 5.0;
				TARGETED_DEVICE_FAMILY = "1,2";
			};
			name = Debug;
		};
		B6FC76892BBB25B60037DB2D /* Release */ = {
			isa = XCBuildConfiguration;
			buildSettings = {
				ASSETCATALOG_COMPILER_APPICON_NAME = AppIcon;
				ASSETCATALOG_COMPILER_GLOBAL_ACCENT_COLOR_NAME = AccentColor;
				CODE_SIGN_STYLE = Automatic;
				CURRENT_PROJECT_VERSION = 1;
				DEVELOPMENT_ASSET_PATHS = "\"andadorApp/Preview Content\"";
				DEVELOPMENT_TEAM = Z7QJD2L2XD;
				ENABLE_PREVIEWS = YES;
				GENERATE_INFOPLIST_FILE = YES;
				INFOPLIST_KEY_UIApplicationSceneManifest_Generation = YES;
				INFOPLIST_KEY_UIApplicationSupportsIndirectInputEvents = YES;
				INFOPLIST_KEY_UILaunchScreen_Generation = YES;
				INFOPLIST_KEY_UISupportedInterfaceOrientations_iPad = "UIInterfaceOrientationPortrait UIInterfaceOrientationPortraitUpsideDown UIInterfaceOrientationLandscapeLeft UIInterfaceOrientationLandscapeRight";
				INFOPLIST_KEY_UISupportedInterfaceOrientations_iPhone = "UIInterfaceOrientationPortrait UIInterfaceOrientationLandscapeLeft UIInterfaceOrientationLandscapeRight";
				LD_RUNPATH_SEARCH_PATHS = (
					"$(inherited)",
					"@executable_path/Frameworks",
				);
				MARKETING_VERSION = 1.0;
				PRODUCT_BUNDLE_IDENTIFIER = io.designcode.andadorApp;
				PRODUCT_NAME = "$(TARGET_NAME)";
				SWIFT_EMIT_LOC_STRINGS = YES;
				SWIFT_VERSION = 5.0;
				TARGETED_DEVICE_FAMILY = "1,2";
			};
			name = Release;
		};
/* End XCBuildConfiguration section */

/* Begin XCConfigurationList section */
		B6FC76742BBB25B40037DB2D /* Build configuration list for PBXProject "andadorApp" */ = {
			isa = XCConfigurationList;
			buildConfigurations = (
				B6FC76852BBB25B60037DB2D /* Debug */,
				B6FC76862BBB25B60037DB2D /* Release */,
			);
			defaultConfigurationIsVisible = 0;
			defaultConfigurationName = Release;
		};
		B6FC76872BBB25B60037DB2D /* Build configuration list for PBXNativeTarget "andadorApp" */ = {
			isa = XCConfigurationList;
			buildConfigurations = (
				B6FC76882BBB25B60037DB2D /* Debug */,
				B6FC76892BBB25B60037DB2D /* Release */,
			);
			defaultConfigurationIsVisible = 0;
			defaultConfigurationName = Release;
		};
/* End XCConfigurationList section */
	};
	rootObject = B6FC76712BBB25B40037DB2D /* Project object */;
}
